
Microsoft Visual Studio Solution File, Format Version 12.00
# Visual Studio Version 17
VisualStudioVersion = 17.5.33502.453
MinimumVisualStudioVersion = 10.0.40219.1
Project("{FAE04EC0-301F-11D3-BF4B-00C04F79EFBC}") = "BT05", "BT05\BT05.csproj", "{781B42D9-D866-4294-8532-B2FDF0F9B832}"
EndProject
Global
	GlobalSection(SolutionConfigurationPlatforms) = preSolution
		Debug|Any CPU = Debug|Any CPU
		Release|Any CPU = Release|Any CPU
	EndGlobalSection
	GlobalSection(ProjectConfigurationPlatforms) = postSolution
		{781B42D9-D866-4294-8532-B2FDF0F9B832}.Debug|Any CPU.ActiveCfg = Debug|Any CPU
		{781B42D9-D866-4294-8532-B2FDF0F9B832}.Debug|Any CPU.Build.0 = Debug|Any CPU
		{781B42D9-D866-4294-8532-B2FDF0F9B832}.Release|Any CPU.ActiveCfg = Release|Any CPU
		{781B42D9-D866-4294-8532-B2FDF0F9B832}.Release|Any CPU.Build.0 = Release|Any CPU
	EndGlobalSection
	GlobalSection(SolutionProperties) = preSolution
		HideSolutionNode = FALSE
	EndGlobalSection
	GlobalSection(ExtensibilityGlobals) = postSolution
		SolutionGuid = {7EBB2DCA-33A7-46D8-B0E7-8CEE24F9054F}
	EndGlobalSection
EndGlobal
